
Microsoft Visual Studio Solution File, Format Version 12.00
# Visual Studio Version 17
VisualStudioVersion = 17.14.36301.6 d17.14
MinimumVisualStudioVersion = 10.0.40219.1
Project("{FAE04EC0-301F-11D3-BF4B-00C04F79EFBC}") = "Tetris", "Tetris\Tetris.csproj", "{A207B477-5C7E-4D35-8B37-413F13DBC84B}"
EndProject
Global
	GlobalSection(SolutionConfigurationPlatforms) = preSolution
		Debug|Any CPU = Debug|Any CPU
		Release|Any CPU = Release|Any CPU
	EndGlobalSection
	GlobalSection(ProjectConfigurationPlatforms) = postSolution
		{A207B477-5C7E-4D35-8B37-413F13DBC84B}.Debug|Any CPU.ActiveCfg = Debug|Any CPU
		{A207B477-5C7E-4D35-8B37-413F13DBC84B}.Debug|Any CPU.Build.0 = Debug|Any CPU
		{A207B477-5C7E-4D35-8B37-413F13DBC84B}.Release|Any CPU.ActiveCfg = Release|Any CPU
		{A207B477-5C7E-4D35-8B37-413F13DBC84B}.Release|Any CPU.Build.0 = Release|Any CPU
	EndGlobalSection
	GlobalSection(SolutionProperties) = preSolution
		HideSolutionNode = FALSE
	EndGlobalSection
	GlobalSection(ExtensibilityGlobals) = postSolution
		SolutionGuid = {FD04E2EB-F5FC-4A0C-89E4-A5E82B105CF7}
	EndGlobalSection
EndGlobal
